
Microsoft Visual Studio Solution File, Format Version 12.00
# Visual Studio 15
VisualStudioVersion = 15.0.28010.2050
MinimumVisualStudioVersion = 10.0.40219.1
Project("{9A19103F-16F7-4668-BE54-9A1E7A4F7556}") = "UI.MVCWeb", "UI.MVCWeb\UI.MVCWeb.csproj", "{A13942A9-9A27-41B6-8821-3C71CE5832D7}"
EndProject
Project("{2150E333-8FDC-42A3-9474-1A3956D46DE8}") = "Solution Items", "Solution Items", "{BA162843-D071-405A-A745-DBAC004BA8C4}"
	ProjectSection(SolutionItems) = preProject
		.editorconfig = .editorconfig
	EndProjectSection
EndProject
Project("{9A19103F-16F7-4668-BE54-9A1E7A4F7556}") = "Core", "Core\Core.csproj", "{3A5AB7C5-D359-4B44-B947-1A1795F5764E}"
EndProject
Project("{FAE04EC0-301F-11D3-BF4B-00C04F79EFBC}") = "InMemorySearch", "InMemorySearch\InMemorySearch.csproj", "{7F279510-D8C4-4641-8A05-4056F6A1D47D}"
EndProject
Project("{FAE04EC0-301F-11D3-BF4B-00C04F79EFBC}") = "DataStore", "DataStore\DataStore.csproj", "{43743236-CF15-4942-B51C-554563B5AC45}"
EndProject
Global
	GlobalSection(SolutionConfigurationPlatforms) = preSolution
		Debug|Any CPU = Debug|Any CPU
		Release|Any CPU = Release|Any CPU
	EndGlobalSection
	GlobalSection(ProjectConfigurationPlatforms) = postSolution
		{A13942A9-9A27-41B6-8821-3C71CE5832D7}.Debug|Any CPU.ActiveCfg = Debug|Any CPU
		{A13942A9-9A27-41B6-8821-3C71CE5832D7}.Debug|Any CPU.Build.0 = Debug|Any CPU
		{A13942A9-9A27-41B6-8821-3C71CE5832D7}.Release|Any CPU.ActiveCfg = Release|Any CPU
		{A13942A9-9A27-41B6-8821-3C71CE5832D7}.Release|Any CPU.Build.0 = Release|Any CPU
		{3A5AB7C5-D359-4B44-B947-1A1795F5764E}.Debug|Any CPU.ActiveCfg = Debug|Any CPU
		{3A5AB7C5-D359-4B44-B947-1A1795F5764E}.Debug|Any CPU.Build.0 = Debug|Any CPU
		{3A5AB7C5-D359-4B44-B947-1A1795F5764E}.Release|Any CPU.ActiveCfg = Release|Any CPU
		{3A5AB7C5-D359-4B44-B947-1A1795F5764E}.Release|Any CPU.Build.0 = Release|Any CPU
		{7F279510-D8C4-4641-8A05-4056F6A1D47D}.Debug|Any CPU.ActiveCfg = Debug|Any CPU
		{7F279510-D8C4-4641-8A05-4056F6A1D47D}.Debug|Any CPU.Build.0 = Debug|Any CPU
		{7F279510-D8C4-4641-8A05-4056F6A1D47D}.Release|Any CPU.ActiveCfg = Release|Any CPU
		{7F279510-D8C4-4641-8A05-4056F6A1D47D}.Release|Any CPU.Build.0 = Release|Any CPU
		{43743236-CF15-4942-B51C-554563B5AC45}.Debug|Any CPU.ActiveCfg = Debug|Any CPU
		{43743236-CF15-4942-B51C-554563B5AC45}.Debug|Any CPU.Build.0 = Debug|Any CPU
		{43743236-CF15-4942-B51C-554563B5AC45}.Release|Any CPU.ActiveCfg = Release|Any CPU
		{43743236-CF15-4942-B51C-554563B5AC45}.Release|Any CPU.Build.0 = Release|Any CPU
	EndGlobalSection
	GlobalSection(SolutionProperties) = preSolution
		HideSolutionNode = FALSE
	EndGlobalSection
	GlobalSection(ExtensibilityGlobals) = postSolution
		SolutionGuid = {DE5A8BF5-E1D7-4569-97D8-B2EA0C8F6D8E}
	EndGlobalSection
EndGlobal
